
Microsoft Visual Studio Solution File, Format Version 12.00
# Visual Studio Version 17
VisualStudioVersion = 17.10.35004.147
MinimumVisualStudioVersion = 10.0.40219.1
Project("{FAE04EC0-301F-11D3-BF4B-00C04F79EFBC}") = "SpaceSooterNew", "SpaceSooterNew.csproj", "{B9CEA8BE-E30E-4CF6-B9A2-4CC5FCDEC97D}"
EndProject
Global
	GlobalSection(SolutionConfigurationPlatforms) = preSolution
		Debug|Any CPU = Debug|Any CPU
		Release|Any CPU = Release|Any CPU
	EndGlobalSection
	GlobalSection(ProjectConfigurationPlatforms) = postSolution
		{B9CEA8BE-E30E-4CF6-B9A2-4CC5FCDEC97D}.Debug|Any CPU.ActiveCfg = Debug|Any CPU
		{B9CEA8BE-E30E-4CF6-B9A2-4CC5FCDEC97D}.Debug|Any CPU.Build.0 = Debug|Any CPU
		{B9CEA8BE-E30E-4CF6-B9A2-4CC5FCDEC97D}.Release|Any CPU.ActiveCfg = Release|Any CPU
		{B9CEA8BE-E30E-4CF6-B9A2-4CC5FCDEC97D}.Release|Any CPU.Build.0 = Release|Any CPU
	EndGlobalSection
	GlobalSection(SolutionProperties) = preSolution
		HideSolutionNode = FALSE
	EndGlobalSection
	GlobalSection(ExtensibilityGlobals) = postSolution
		SolutionGuid = {0D58F008-4917-4962-A1E5-83CF85E5B0E6}
	EndGlobalSection
EndGlobal
